
Microsoft Visual Studio Solution File, Format Version 12.00
# Visual Studio Express 15 for Windows Desktop
VisualStudioVersion = 15.0.27130.2027
MinimumVisualStudioVersion = 10.0.40219.1
Project("{8BC9CEB8-8B4A-11D0-8D11-00A0C91BC942}") = "snake", "snake\snake.vcxproj", "{A99AE148-17BA-4979-8FA6-9FD211E7F729}"
EndProject
Global
	GlobalSection(SolutionConfigurationPlatforms) = preSolution
		Debug|x64 = Debug|x64
		Debug|x86 = Debug|x86
		Release|x64 = Release|x64
		Release|x86 = Release|x86
	EndGlobalSection
	GlobalSection(ProjectConfigurationPlatforms) = postSolution
		{A99AE148-17BA-4979-8FA6-9FD211E7F729}.Debug|x64.ActiveCfg = Debug|x64
		{A99AE148-17BA-4979-8FA6-9FD211E7F729}.Debug|x64.Build.0 = Debug|x64
		{A99AE148-17BA-4979-8FA6-9FD211E7F729}.Debug|x86.ActiveCfg = Debug|Win32
		{A99AE148-17BA-4979-8FA6-9FD211E7F729}.Debug|x86.Build.0 = Debug|Win32
		{A99AE148-17BA-4979-8FA6-9FD211E7F729}.Release|x64.ActiveCfg = Release|x64
		{A99AE148-17BA-4979-8FA6-9FD211E7F729}.Release|x64.Build.0 = Release|x64
		{A99AE148-17BA-4979-8FA6-9FD211E7F729}.Release|x86.ActiveCfg = Release|Win32
		{A99AE148-17BA-4979-8FA6-9FD211E7F729}.Release|x86.Build.0 = Release|Win32
	EndGlobalSection
	GlobalSection(SolutionProperties) = preSolution
		HideSolutionNode = FALSE
	EndGlobalSection
	GlobalSection(ExtensibilityGlobals) = postSolution
		SolutionGuid = {FA49A94E-1011-4684-BA7E-1FDBE3216A95}
	EndGlobalSection
EndGlobal
